# @generated - this file is auto-generated by `mise lock` https://mise.jdx.dev/dev-tools/mise-lock.html

[[tools."github:tlaplus/tlaplus"]]
version = "1.7.4"
backend = "github:tlaplus/tlaplus"

[tools."github:tlaplus/tlaplus".options]
asset_pattern = "tla2tools.jar"

[tools."github:tlaplus/tlaplus"."platforms.linux-arm64"]
url = "https://github.com/tlaplus/tlaplus/releases/download/v1.7.4/tla2tools.jar"
url_api = "https://api.github.com/repos/tlaplus/tlaplus/releases/assets/184694200"

[tools."github:tlaplus/tlaplus"."platforms.linux-arm64-musl"]
url = "https://github.com/tlaplus/tlaplus/releases/download/v1.7.4/tla2tools.jar"
url_api = "https://api.github.com/repos/tlaplus/tlaplus/releases/assets/184694200"

[tools."github:tlaplus/tlaplus"."platforms.linux-x64"]
url = "https://github.com/tlaplus/tlaplus/releases/download/v1.7.4/tla2tools.jar"
url_api = "https://api.github.com/repos/tlaplus/tlaplus/releases/assets/184694200"

[tools."github:tlaplus/tlaplus"."platforms.linux-x64-musl"]
url = "https://github.com/tlaplus/tlaplus/releases/download/v1.7.4/tla2tools.jar"
url_api = "https://api.github.com/repos/tlaplus/tlaplus/releases/assets/184694200"

[tools."github:tlaplus/tlaplus"."platforms.macos-arm64"]
url = "https://github.com/tlaplus/tlaplus/releases/download/v1.7.4/tla2tools.jar"
url_api = "https://api.github.com/repos/tlaplus/tlaplus/releases/assets/184694200"

[tools."github:tlaplus/tlaplus"."platforms.macos-x64"]
url = "https://github.com/tlaplus/tlaplus/releases/download/v1.7.4/tla2tools.jar"
url_api = "https://api.github.com/repos/tlaplus/tlaplus/releases/assets/184694200"

[tools."github:tlaplus/tlaplus"."platforms.windows-x64"]
url = "https://github.com/tlaplus/tlaplus/releases/download/v1.7.4/tla2tools.jar"
url_api = "https://api.github.com/repos/tlaplus/tlaplus/releases/assets/184694200"

[[tools."github:tlaplus/tlapm"]]
version = "202210041448"
backend = "github:tlaplus/tlapm"

[tools."github:tlaplus/tlapm".options]
asset_pattern = "tlaps-1.5.0-x86_64-linux-gnu-inst.bin"

[tools."github:tlaplus/tlapm"."platforms.linux-arm64"]
url = "https://github.com/tlaplus/tlapm/releases/download/202210041448/tlaps-1.5.0-x86_64-linux-gnu-inst.bin"
url_api = "https://api.github.com/repos/tlaplus/tlapm/releases/assets/79936988"

[tools."github:tlaplus/tlapm"."platforms.linux-arm64-musl"]
url = "https://github.com/tlaplus/tlapm/releases/download/202210041448/tlaps-1.5.0-x86_64-linux-gnu-inst.bin"
url_api = "https://api.github.com/repos/tlaplus/tlapm/releases/assets/79936988"

[tools."github:tlaplus/tlapm"."platforms.linux-x64"]
url = "https://github.com/tlaplus/tlapm/releases/download/202210041448/tlaps-1.5.0-x86_64-linux-gnu-inst.bin"
url_api = "https://api.github.com/repos/tlaplus/tlapm/releases/assets/79936988"

[tools."github:tlaplus/tlapm"."platforms.linux-x64-musl"]
url = "https://github.com/tlaplus/tlapm/releases/download/202210041448/tlaps-1.5.0-x86_64-linux-gnu-inst.bin"
url_api = "https://api.github.com/repos/tlaplus/tlapm/releases/assets/79936988"

[tools."github:tlaplus/tlapm"."platforms.macos-arm64"]
url = "https://github.com/tlaplus/tlapm/releases/download/202210041448/tlaps-1.5.0-x86_64-linux-gnu-inst.bin"
url_api = "https://api.github.com/repos/tlaplus/tlapm/releases/assets/79936988"

[tools."github:tlaplus/tlapm"."platforms.macos-x64"]
url = "https://github.com/tlaplus/tlapm/releases/download/202210041448/tlaps-1.5.0-x86_64-linux-gnu-inst.bin"
url_api = "https://api.github.com/repos/tlaplus/tlapm/releases/assets/79936988"

[tools."github:tlaplus/tlapm"."platforms.windows-x64"]
url = "https://github.com/tlaplus/tlapm/releases/download/202210041448/tlaps-1.5.0-x86_64-linux-gnu-inst.bin"
url_api = "https://api.github.com/repos/tlaplus/tlapm/releases/assets/79936988"

[[tools.java]]
version = "corretto-21.0.4.7.1"
backend = "core:java"

[tools.java."platforms.linux-arm64"]
checksum = "sha256:85b2053c4c1e3c6555300c6ead85b996e20712db2de1efd7d7d90118a13af959"
url = "https://corretto.aws/downloads/resources/21.0.4.7.1/amazon-corretto-21.0.4.7.1-linux-aarch64.tar.gz"

[tools.java."platforms.linux-arm64-musl"]
checksum = "sha256:eca12aacacc433c1d3f45c3157f7f3cf5a31336aff9ad2c189a03d412f89937b"
url = "https://corretto.aws/downloads/resources/21.0.4.7.1/amazon-corretto-21.0.4.7.1-alpine-linux-aarch64.tar.gz"

[tools.java."platforms.linux-x64"]
checksum = "sha256:ee88014fe758f93180f34cfca2158de4e1834472136296521998f52e146afb3c"
url = "https://corretto.aws/downloads/resources/21.0.4.7.1/amazon-corretto-21.0.4.7.1-linux-x64.tar.gz"

[tools.java."platforms.linux-x64-musl"]
checksum = "sha256:876718e2943c1a2a5fa3a6c3d3f38c1dd2e9a6f68c9c739d18d3157551f1a3cd"
url = "https://corretto.aws/downloads/resources/21.0.4.7.1/amazon-corretto-21.0.4.7.1-alpine-linux-x64.tar.gz"

[tools.java."platforms.macos-arm64"]
checksum = "sha256:d93750240e4b8a81999b32e002cb1a08e537f2fe29af16bec8229dcf3c520222"
url = "https://corretto.aws/downloads/resources/21.0.4.7.1/amazon-corretto-21.0.4.7.1-macosx-aarch64.tar.gz"

[tools.java."platforms.macos-x64"]
checksum = "sha256:244a034c10774ae51f0b5c6fceed88f4afce6d60e9c560aa8c095bb463358541"
url = "https://corretto.aws/downloads/resources/21.0.4.7.1/amazon-corretto-21.0.4.7.1-macosx-x64.tar.gz"

[tools.java."platforms.windows-x64"]
checksum = "sha256:73a7e88e6ad330877a7a8be17647bfa7105bec29b8f6d6be74ed5b848f37c5eb"
url = "https://corretto.aws/downloads/resources/21.0.4.7.1/amazon-corretto-21.0.4.7.1-windows-x64-jdk.zip"
